
Microsoft Visual Studio Solution File, Format Version 12.00
# Visual Studio Version 17
VisualStudioVersion = 17.0.31903.59
MinimumVisualStudioVersion = 10.0.40219.1
Project("{2150E333-8FDC-42A3-9474-1A3956D46DE8}") = "src", "src", "{929BB242-8EF2-4C56-AFFF-33AD2542F9B7}"
EndProject
Project("{9A19103F-16F7-4668-BE54-9A1E7A4F7556}") = "Prodigy.Solutions.Deribit.Client", "src\Prodigy.Solutions.Deribit.Client\Prodigy.Solutions.Deribit.Client.csproj", "{52968099-215B-45F3-A9F1-FF55BC72C97A}"
EndProject
Global
	GlobalSection(SolutionConfigurationPlatforms) = preSolution
		Debug|Any CPU = Debug|Any CPU
		Release|Any CPU = Release|Any CPU
	EndGlobalSection
	GlobalSection(ProjectConfigurationPlatforms) = postSolution
		{52968099-215B-45F3-A9F1-FF55BC72C97A}.Debug|Any CPU.ActiveCfg = Debug|Any CPU
		{52968099-215B-45F3-A9F1-FF55BC72C97A}.Debug|Any CPU.Build.0 = Debug|Any CPU
		{52968099-215B-45F3-A9F1-FF55BC72C97A}.Release|Any CPU.ActiveCfg = Release|Any CPU
		{52968099-215B-45F3-A9F1-FF55BC72C97A}.Release|Any CPU.Build.0 = Release|Any CPU
	EndGlobalSection
	GlobalSection(SolutionProperties) = preSolution
		HideSolutionNode = FALSE
	EndGlobalSection
	GlobalSection(NestedProjects) = preSolution
		{52968099-215B-45F3-A9F1-FF55BC72C97A} = {929BB242-8EF2-4C56-AFFF-33AD2542F9B7}
	EndGlobalSection
EndGlobal
